
Microsoft Visual Studio Solution File, Format Version 12.00
# Visual Studio Version 16
VisualStudioVersion = 16.0.31702.278
MinimumVisualStudioVersion = 10.0.40219.1
Project("{FAE04EC0-301F-11D3-BF4B-00C04F79EFBC}") = "Forex", "Forex\Forex.csproj", "{DD406EAB-6ECF-411A-84AB-A2B6E89134BC}"
EndProject
Project("{9A19103F-16F7-4668-BE54-9A1E7A4F7556}") = "EcbRatesApi", "EcbRates\EcbRatesApi.csproj", "{58D52753-AAD5-4308-9182-F804144555B1}"
EndProject
Global
	GlobalSection(SolutionConfigurationPlatforms) = preSolution
		Debug|Any CPU = Debug|Any CPU
		Release|Any CPU = Release|Any CPU
	EndGlobalSection
	GlobalSection(ProjectConfigurationPlatforms) = postSolution
		{DD406EAB-6ECF-411A-84AB-A2B6E89134BC}.Debug|Any CPU.ActiveCfg = Debug|Any CPU
		{DD406EAB-6ECF-411A-84AB-A2B6E89134BC}.Debug|Any CPU.Build.0 = Debug|Any CPU
		{DD406EAB-6ECF-411A-84AB-A2B6E89134BC}.Release|Any CPU.ActiveCfg = Release|Any CPU
		{DD406EAB-6ECF-411A-84AB-A2B6E89134BC}.Release|Any CPU.Build.0 = Release|Any CPU
		{58D52753-AAD5-4308-9182-F804144555B1}.Debug|Any CPU.ActiveCfg = Debug|Any CPU
		{58D52753-AAD5-4308-9182-F804144555B1}.Debug|Any CPU.Build.0 = Debug|Any CPU
		{58D52753-AAD5-4308-9182-F804144555B1}.Release|Any CPU.ActiveCfg = Release|Any CPU
		{58D52753-AAD5-4308-9182-F804144555B1}.Release|Any CPU.Build.0 = Release|Any CPU
	EndGlobalSection
	GlobalSection(SolutionProperties) = preSolution
		HideSolutionNode = FALSE
	EndGlobalSection
	GlobalSection(ExtensibilityGlobals) = postSolution
		SolutionGuid = {C507095E-212E-42E3-AF40-339C3FD6A13B}
	EndGlobalSection
EndGlobal
